// !$*UTF8*$!
{
	archiveVersion = 1;
	classes = {
	};
	objectVersion = 52;
	objects = {

/* Begin PBXBuildFile section */
		46E1DD69FEFECA9E727248C1 /* Pods_News.framework in Frameworks */ = {isa = PBXBuildFile; fileRef = 1F5026E70CF0624DC9EE9D6D /* Pods_News.framework */; };
		C316F0D02681E126006B8BB0 /* Filter.swift in Sources */ = {isa = PBXBuildFile; fileRef = C316F0CF2681E126006B8BB0 /* Filter.swift */; };
		C331F729267A43A900FAE799 /* ArticleDetailViewController.swift in Sources */ = {isa = PBXBuildFile; fileRef = C331F728267A43A900FAE799 /* ArticleDetailViewController.swift */; };
		C353C4ED2685C27B00E46936 /* SwipeArticlesCollectionViewController.swift in Sources */ = {isa = PBXBuildFile; fileRef = C353C4EC2685C27B00E46936 /* SwipeArticlesCollectionViewController.swift */; };
		C3772F932677DB6D00258A11 /* AppDelegate.swift in Sources */ = {isa = PBXBuildFile; fileRef = C3772F922677DB6D00258A11 /* AppDelegate.swift */; };
		C3772F952677DB6D00258A11 /* SceneDelegate.swift in Sources */ = {isa = PBXBuildFile; fileRef = C3772F942677DB6D00258A11 /* SceneDelegate.swift */; };
		C3772F972677DB6D00258A11 /* ArticlesTableViewController.swift in Sources */ = {isa = PBXBuildFile; fileRef = C3772F962677DB6D00258A11 /* ArticlesTableViewController.swift */; };
		C3772F9A2677DB6D00258A11 /* Main.storyboard in Resources */ = {isa = PBXBuildFile; fileRef = C3772F982677DB6D00258A11 /* Main.storyboard */; };
		C3772F9C2677DB6F00258A11 /* Assets.xcassets in Resources */ = {isa = PBXBuildFile; fileRef = C3772F9B2677DB6F00258A11 /* Assets.xcassets */; };
		C3772F9F2677DB6F00258A11 /* LaunchScreen.storyboard in Resources */ = {isa = PBXBuildFile; fileRef = C3772F9D2677DB6F00258A11 /* LaunchScreen.storyboard */; };
		C3772FA72677DDF600258A11 /* Article.swift in Sources */ = {isa = PBXBuildFile; fileRef = C3772FA62677DDF600258A11 /* Article.swift */; };
		C3772FAC2677EE0800258A11 /* NewsController.swift in Sources */ = {isa = PBXBuildFile; fileRef = C3772FAB2677EE0800258A11 /* NewsController.swift */; };
		C3772FB12677FAE600258A11 /* SDWebImageSwiftUI in Frameworks */ = {isa = PBXBuildFile; productRef = C3772FB02677FAE600258A11 /* SDWebImageSwiftUI */; };
		C3772FB32677FD0500258A11 /* NewsTableViewCell.swift in Sources */ = {isa = PBXBuildFile; fileRef = C3772FB22677FD0500258A11 /* NewsTableViewCell.swift */; };
		C3815C5726808E28001024CD /* FilterViewController.swift in Sources */ = {isa = PBXBuildFile; fileRef = C3815C5626808E28001024CD /* FilterViewController.swift */; };
/* End PBXBuildFile section */

/* Begin PBXFileReference section */
		1F5026E70CF0624DC9EE9D6D /* Pods_News.framework */ = {isa = PBXFileReference; explicitFileType = wrapper.framework; includeInIndex = 0; path = Pods_News.framework; sourceTree = BUILT_PRODUCTS_DIR; };
		AEC4B9DF1EC9511767FE5265 /* Pods-News.debug.xcconfig */ = {isa = PBXFileReference; includeInIndex = 1; lastKnownFileType = text.xcconfig; name = "Pods-News.debug.xcconfig"; path = "Target Support Files/Pods-News/Pods-News.debug.xcconfig"; sourceTree = "<group>"; };
		C316F0CF2681E126006B8BB0 /* Filter.swift */ = {isa = PBXFileReference; lastKnownFileType = sourcecode.swift; path = Filter.swift; sourceTree = "<group>"; };
		C331F728267A43A900FAE799 /* ArticleDetailViewController.swift */ = {isa = PBXFileReference; lastKnownFileType = sourcecode.swift; path = ArticleDetailViewController.swift; sourceTree = "<group>"; };
		C353C4EC2685C27B00E46936 /* SwipeArticlesCollectionViewController.swift */ = {isa = PBXFileReference; lastKnownFileType = sourcecode.swift; path = SwipeArticlesCollectionViewController.swift; sourceTree = "<group>"; };
		C3772F8F2677DB6D00258A11 /* News.app */ = {isa = PBXFileReference; explicitFileType = wrapper.application; includeInIndex = 0; path = News.app; sourceTree = BUILT_PRODUCTS_DIR; };
		C3772F922677DB6D00258A11 /* AppDelegate.swift */ = {isa = PBXFileReference; lastKnownFileType = sourcecode.swift; path = AppDelegate.swift; sourceTree = "<group>"; };
		C3772F942677DB6D00258A11 /* SceneDelegate.swift */ = {isa = PBXFileReference; lastKnownFileType = sourcecode.swift; path = SceneDelegate.swift; sourceTree = "<group>"; };
		C3772F962677DB6D00258A11 /* ArticlesTableViewController.swift */ = {isa = PBXFileReference; lastKnownFileType = sourcecode.swift; path = ArticlesTableViewController.swift; sourceTree = "<group>"; };
		C3772F992677DB6D00258A11 /* Base */ = {isa = PBXFileReference; lastKnownFileType = file.storyboard; name = Base; path = Base.lproj/Main.storyboard; sourceTree = "<group>"; };
		C3772F9B2677DB6F00258A11 /* Assets.xcassets */ = {isa = PBXFileReference; lastKnownFileType = folder.assetcatalog; path = Assets.xcassets; sourceTree = "<group>"; };
		C3772F9E2677DB6F00258A11 /* Base */ = {isa = PBXFileReference; lastKnownFileType = file.storyboard; name = Base; path = Base.lproj/LaunchScreen.storyboard; sourceTree = "<group>"; };
		C3772FA02677DB6F00258A11 /* Info.plist */ = {isa = PBXFileReference; lastKnownFileType = text.plist.xml; path = Info.plist; sourceTree = "<group>"; };
		C3772FA62677DDF600258A11 /* Article.swift */ = {isa = PBXFileReference; lastKnownFileType = sourcecode.swift; path = Article.swift; sourceTree = "<group>"; };
		C3772FAB2677EE0800258A11 /* NewsController.swift */ = {isa = PBXFileReference; lastKnownFileType = sourcecode.swift; path = NewsController.swift; sourceTree = "<group>"; };
		C3772FB22677FD0500258A11 /* NewsTableViewCell.swift */ = {isa = PBXFileReference; lastKnownFileType = sourcecode.swift; path = NewsTableViewCell.swift; sourceTree = "<group>"; };
		C3815C5626808E28001024CD /* FilterViewController.swift */ = {isa = PBXFileReference; lastKnownFileType = sourcecode.swift; path = FilterViewController.swift; sourceTree = "<group>"; };
		E4EC20A3FD8717808B631853 /* Pods-News.release.xcconfig */ = {isa = PBXFileReference; includeInIndex = 1; lastKnownFileType = text.xcconfig; name = "Pods-News.release.xcconfig"; path = "Target Support Files/Pods-News/Pods-News.release.xcconfig"; sourceTree = "<group>"; };
/* End PBXFileReference section */

/* Begin PBXFrameworksBuildPhase section */
		C3772F8C2677DB6D00258A11 /* Frameworks */ = {
			isa = PBXFrameworksBuildPhase;
			buildActionMask = 2147483647;
			files = (
				C3772FB12677FAE600258A11 /* SDWebImageSwiftUI in Frameworks */,
				46E1DD69FEFECA9E727248C1 /* Pods_News.framework in Frameworks */,
			);
			runOnlyForDeploymentPostprocessing = 0;
		};
/* End PBXFrameworksBuildPhase section */

/* Begin PBXGroup section */
		242C22B45314E4746AE6341B /* Frameworks */ = {
			isa = PBXGroup;
			children = (
				1F5026E70CF0624DC9EE9D6D /* Pods_News.framework */,
			);
			name = Frameworks;
			sourceTree = "<group>";
		};
		C3772F862677DB6D00258A11 = {
			isa = PBXGroup;
			children = (
				C3772F912677DB6D00258A11 /* News */,
				C3772F902677DB6D00258A11 /* Products */,
				E24C17B23C290C4336306CA3 /* Pods */,
				242C22B45314E4746AE6341B /* Frameworks */,
			);
			sourceTree = "<group>";
		};
		C3772F902677DB6D00258A11 /* Products */ = {
			isa = PBXGroup;
			children = (
				C3772F8F2677DB6D00258A11 /* News.app */,
			);
			name = Products;
			sourceTree = "<group>";
		};
		C3772F912677DB6D00258A11 /* News */ = {
			isa = PBXGroup;
			children = (
				C3772FAA2677EDEF00258A11 /* NetworkControllers */,
				C3772FA92677EDE000258A11 /* Views */,
				C3772FA82677EDD300258A11 /* Models */,
				C3772F922677DB6D00258A11 /* AppDelegate.swift */,
				C3772F942677DB6D00258A11 /* SceneDelegate.swift */,
				C3772F9B2677DB6F00258A11 /* Assets.xcassets */,
				C3772F9D2677DB6F00258A11 /* LaunchScreen.storyboard */,
				C3772FA02677DB6F00258A11 /* Info.plist */,
			);
			path = News;
			sourceTree = "<group>";
		};
		C3772FA82677EDD300258A11 /* Models */ = {
			isa = PBXGroup;
			children = (
				C3772FA62677DDF600258A11 /* Article.swift */,
				C316F0CF2681E126006B8BB0 /* Filter.swift */,
			);
			path = Models;
			sourceTree = "<group>";
		};
		C3772FA92677EDE000258A11 /* Views */ = {
			isa = PBXGroup;
			children = (
				C3772F982677DB6D00258A11 /* Main.storyboard */,
				C3772F962677DB6D00258A11 /* ArticlesTableViewController.swift */,
				C3772FB22677FD0500258A11 /* NewsTableViewCell.swift */,
				C331F728267A43A900FAE799 /* ArticleDetailViewController.swift */,
				C3815C5626808E28001024CD /* FilterViewController.swift */,
				C353C4EC2685C27B00E46936 /* SwipeArticlesCollectionViewController.swift */,
			);
			path = Views;
			sourceTree = "<group>";
		};
		C3772FAA2677EDEF00258A11 /* NetworkControllers */ = {
			isa = PBXGroup;
			children = (
				C3772FAB2677EE0800258A11 /* NewsController.swift */,
			);
			path = NetworkControllers;
			sourceTree = "<group>";
		};
		E24C17B23C290C4336306CA3 /* Pods */ = {
			isa = PBXGroup;
			children = (
				AEC4B9DF1EC9511767FE5265 /* Pods-News.debug.xcconfig */,
				E4EC20A3FD8717808B631853 /* Pods-News.release.xcconfig */,
			);
			path = Pods;
			sourceTree = "<group>";
		};
/* End PBXGroup section */

/* Begin PBXNativeTarget section */
		C3772F8E2677DB6D00258A11 /* News */ = {
			isa = PBXNativeTarget;
			buildConfigurationList = C3772FA32677DB6F00258A11 /* Build configuration list for PBXNativeTarget "News" */;
			buildPhases = (
				8E2A675C2EB0ECCFA50D5A35 /* [CP] Check Pods Manifest.lock */,
				C3772F8B2677DB6D00258A11 /* Sources */,
				C3772F8C2677DB6D00258A11 /* Frameworks */,
				C3772F8D2677DB6D00258A11 /* Resources */,
				95ED1B606B1DB328DBF52A19 /* [CP] Embed Pods Frameworks */,
			);
			buildRules = (
			);
			dependencies = (
			);
			name = News;
			packageProductDependencies = (
				C3772FB02677FAE600258A11 /* SDWebImageSwiftUI */,
			);
			productName = News;
			productReference = C3772F8F2677DB6D00258A11 /* News.app */;
			productType = "com.apple.product-type.application";
		};
/* End PBXNativeTarget section */

/* Begin PBXProject section */
		C3772F872677DB6D00258A11 /* Project object */ = {
			isa = PBXProject;
			attributes = {
				LastSwiftUpdateCheck = 1250;
				LastUpgradeCheck = 1250;
				TargetAttributes = {
					C3772F8E2677DB6D00258A11 = {
						CreatedOnToolsVersion = 12.5;
					};
				};
			};
			buildConfigurationList = C3772F8A2677DB6D00258A11 /* Build configuration list for PBXProject "News" */;
			compatibilityVersion = "Xcode 9.3";
			developmentRegion = en;
			hasScannedForEncodings = 0;
			knownRegions = (
				en,
				Base,
			);
			mainGroup = C3772F862677DB6D00258A11;
			packageReferences = (
				C3772FAF2677FAE600258A11 /* XCRemoteSwiftPackageReference "SDWebImageSwiftUI" */,
			);
			productRefGroup = C3772F902677DB6D00258A11 /* Products */;
			projectDirPath = "";
			projectRoot = "";
			targets = (
				C3772F8E2677DB6D00258A11 /* News */,
			);
		};
/* End PBXProject section */

/* Begin PBXResourcesBuildPhase section */
		C3772F8D2677DB6D00258A11 /* Resources */ = {
			isa = PBXResourcesBuildPhase;
			buildActionMask = 2147483647;
			files = (
				C3772F9F2677DB6F00258A11 /* LaunchScreen.storyboard in Resources */,
				C3772F9C2677DB6F00258A11 /* Assets.xcassets in Resources */,
				C3772F9A2677DB6D00258A11 /* Main.storyboard in Resources */,
			);
			runOnlyForDeploymentPostprocessing = 0;
		};
/* End PBXResourcesBuildPhase section */

/* Begin PBXShellScriptBuildPhase section */
		8E2A675C2EB0ECCFA50D5A35 /* [CP] Check Pods Manifest.lock */ = {
			isa = PBXShellScriptBuildPhase;
			buildActionMask = 2147483647;
			files = (
			);
			inputFileListPaths = (
			);
			inputPaths = (
				"${PODS_PODFILE_DIR_PATH}/Podfile.lock",
				"${PODS_ROOT}/Manifest.lock",
			);
			name = "[CP] Check Pods Manifest.lock";
			outputFileListPaths = (
			);
			outputPaths = (
				"$(DERIVED_FILE_DIR)/Pods-News-checkManifestLockResult.txt",
			);
			runOnlyForDeploymentPostprocessing = 0;
			shellPath = /bin/sh;
			shellScript = "diff \"${PODS_PODFILE_DIR_PATH}/Podfile.lock\" \"${PODS_ROOT}/Manifest.lock\" > /dev/null\nif [ $? != 0 ] ; then\n    # print error to STDERR\n    echo \"error: The sandbox is not in sync with the Podfile.lock. Run 'pod install' or update your CocoaPods installation.\" >&2\n    exit 1\nfi\n# This output is used by Xcode 'outputs' to avoid re-running this script phase.\necho \"SUCCESS\" > \"${SCRIPT_OUTPUT_FILE_0}\"\n";
			showEnvVarsInLog = 0;
		};
		95ED1B606B1DB328DBF52A19 /* [CP] Embed Pods Frameworks */ = {
			isa = PBXShellScriptBuildPhase;
			buildActionMask = 2147483647;
			files = (
			);
			inputFileListPaths = (
				"${PODS_ROOT}/Target Support Files/Pods-News/Pods-News-frameworks-${CONFIGURATION}-input-files.xcfilelist",
			);
			name = "[CP] Embed Pods Frameworks";
			outputFileListPaths = (
				"${PODS_ROOT}/Target Support Files/Pods-News/Pods-News-frameworks-${CONFIGURATION}-output-files.xcfilelist",
			);
			runOnlyForDeploymentPostprocessing = 0;
			shellPath = /bin/sh;
			shellScript = "\"${PODS_ROOT}/Target Support Files/Pods-News/Pods-News-frameworks.sh\"\n";
			showEnvVarsInLog = 0;
		};
/* End PBXShellScriptBuildPhase section */

/* Begin PBXSourcesBuildPhase section */
		C3772F8B2677DB6D00258A11 /* Sources */ = {
			isa = PBXSourcesBuildPhase;
			buildActionMask = 2147483647;
			files = (
				C3772FA72677DDF600258A11 /* Article.swift in Sources */,
				C3772FB32677FD0500258A11 /* NewsTableViewCell.swift in Sources */,
				C3815C5726808E28001024CD /* FilterViewController.swift in Sources */,
				C3772F972677DB6D00258A11 /* ArticlesTableViewController.swift in Sources */,
				C353C4ED2685C27B00E46936 /* SwipeArticlesCollectionViewController.swift in Sources */,
				C331F729267A43A900FAE799 /* ArticleDetailViewController.swift in Sources */,
				C3772F932677DB6D00258A11 /* AppDelegate.swift in Sources */,
				C3772FAC2677EE0800258A11 /* NewsController.swift in Sources */,
				C316F0D02681E126006B8BB0 /* Filter.swift in Sources */,
				C3772F952677DB6D00258A11 /* SceneDelegate.swift in Sources */,
			);
			runOnlyForDeploymentPostprocessing = 0;
		};
/* End PBXSourcesBuildPhase section */

/* Begin PBXVariantGroup section */
		C3772F982677DB6D00258A11 /* Main.storyboard */ = {
			isa = PBXVariantGroup;
			children = (
				C3772F992677DB6D00258A11 /* Base */,
			);
			name = Main.storyboard;
			sourceTree = "<group>";
		};
		C3772F9D2677DB6F00258A11 /* LaunchScreen.storyboard */ = {
			isa = PBXVariantGroup;
			children = (
				C3772F9E2677DB6F00258A11 /* Base */,
			);
			name = LaunchScreen.storyboard;
			sourceTree = "<group>";
		};
/* End PBXVariantGroup section */

/* Begin XCBuildConfiguration section */
		C3772FA12677DB6F00258A11 /* Debug */ = {
			isa = XCBuildConfiguration;
			buildSettings = {
				ALWAYS_SEARCH_USER_PATHS = NO;
				CLANG_ANALYZER_NONNULL = YES;
				CLANG_ANALYZER_NUMBER_OBJECT_CONVERSION = YES_AGGRESSIVE;
				CLANG_CXX_LANGUAGE_STANDARD = "gnu++14";
				CLANG_CXX_LIBRARY = "libc++";
				CLANG_ENABLE_MODULES = YES;
				CLANG_ENABLE_OBJC_ARC = YES;
				CLANG_ENABLE_OBJC_WEAK = YES;
				CLANG_WARN_BLOCK_CAPTURE_AUTORELEASING = YES;
				CLANG_WARN_BOOL_CONVERSION = YES;
				CLANG_WARN_COMMA = YES;
				CLANG_WARN_CONSTANT_CONVERSION = YES;
				CLANG_WARN_DEPRECATED_OBJC_IMPLEMENTATIONS = YES;
				CLANG_WARN_DIRECT_OBJC_ISA_USAGE = YES_ERROR;
				CLANG_WARN_DOCUMENTATION_COMMENTS = YES;
				CLANG_WARN_EMPTY_BODY = YES;
				CLANG_WARN_ENUM_CONVERSION = YES;
				CLANG_WARN_INFINITE_RECURSION = YES;
				CLANG_WARN_INT_CONVERSION = YES;
				CLANG_WARN_NON_LITERAL_NULL_CONVERSION = YES;
				CLANG_WARN_OBJC_IMPLICIT_RETAIN_SELF = YES;
				CLANG_WARN_OBJC_LITERAL_CONVERSION = YES;
				CLANG_WARN_OBJC_ROOT_CLASS = YES_ERROR;
				CLANG_WARN_QUOTED_INCLUDE_IN_FRAMEWORK_HEADER = YES;
				CLANG_WARN_RANGE_LOOP_ANALYSIS = YES;
				CLANG_WARN_STRICT_PROTOTYPES = YES;
				CLANG_WARN_SUSPICIOUS_MOVE = YES;
				CLANG_WARN_UNGUARDED_AVAILABILITY = YES_AGGRESSIVE;
				CLANG_WARN_UNREACHABLE_CODE = YES;
				CLANG_WARN__DUPLICATE_METHOD_MATCH = YES;
				COPY_PHASE_STRIP = NO;
				DEBUG_INFORMATION_FORMAT = dwarf;
				ENABLE_STRICT_OBJC_MSGSEND = YES;
				ENABLE_TESTABILITY = YES;
				GCC_C_LANGUAGE_STANDARD = gnu11;
				GCC_DYNAMIC_NO_PIC = NO;
				GCC_NO_COMMON_BLOCKS = YES;
				GCC_OPTIMIZATION_LEVEL = 0;
				GCC_PREPROCESSOR_DEFINITIONS = (
					"DEBUG=1",
					"$(inherited)",
				);
				GCC_WARN_64_TO_32_BIT_CONVERSION = YES;
				GCC_WARN_ABOUT_RETURN_TYPE = YES_ERROR;
				GCC_WARN_UNDECLARED_SELECTOR = YES;
				GCC_WARN_UNINITIALIZED_AUTOS = YES_AGGRESSIVE;
				GCC_WARN_UNUSED_FUNCTION = YES;
				GCC_WARN_UNUSED_VARIABLE = YES;
				IPHONEOS_DEPLOYMENT_TARGET = 14.5;
				MTL_ENABLE_DEBUG_INFO = INCLUDE_SOURCE;
				MTL_FAST_MATH = YES;
				ONLY_ACTIVE_ARCH = YES;
				SDKROOT = iphoneos;
				SWIFT_ACTIVE_COMPILATION_CONDITIONS = DEBUG;
				SWIFT_OPTIMIZATION_LEVEL = "-Onone";
			};
			name = Debug;
		};
		C3772FA22677DB6F00258A11 /* Release */ = {
			isa = XCBuildConfiguration;
			buildSettings = {
				ALWAYS_SEARCH_USER_PATHS = NO;
				CLANG_ANALYZER_NONNULL = YES;
				CLANG_ANALYZER_NUMBER_OBJECT_CONVERSION = YES_AGGRESSIVE;
				CLANG_CXX_LANGUAGE_STANDARD = "gnu++14";
				CLANG_CXX_LIBRARY = "libc++";
				CLANG_ENABLE_MODULES = YES;
				CLANG_ENABLE_OBJC_ARC = YES;
				CLANG_ENABLE_OBJC_WEAK = YES;
				CLANG_WARN_BLOCK_CAPTURE_AUTORELEASING = YES;
				CLANG_WARN_BOOL_CONVERSION = YES;
				CLANG_WARN_COMMA = YES;
				CLANG_WARN_CONSTANT_CONVERSION = YES;
				CLANG_WARN_DEPRECATED_OBJC_IMPLEMENTATIONS = YES;
				CLANG_WARN_DIRECT_OBJC_ISA_USAGE = YES_ERROR;
				CLANG_WARN_DOCUMENTATION_COMMENTS = YES;
				CLANG_WARN_EMPTY_BODY = YES;
				CLANG_WARN_ENUM_CONVERSION = YES;
				CLANG_WARN_INFINITE_RECURSION = YES;
				CLANG_WARN_INT_CONVERSION = YES;
				CLANG_WARN_NON_LITERAL_NULL_CONVERSION = YES;
				CLANG_WARN_OBJC_IMPLICIT_RETAIN_SELF = YES;
				CLANG_WARN_OBJC_LITERAL_CONVERSION = YES;
				CLANG_WARN_OBJC_ROOT_CLASS = YES_ERROR;
				CLANG_WARN_QUOTED_INCLUDE_IN_FRAMEWORK_HEADER = YES;
				CLANG_WARN_RANGE_LOOP_ANALYSIS = YES;
				CLANG_WARN_STRICT_PROTOTYPES = YES;
				CLANG_WARN_SUSPICIOUS_MOVE = YES;
				CLANG_WARN_UNGUARDED_AVAILABILITY = YES_AGGRESSIVE;
				CLANG_WARN_UNREACHABLE_CODE = YES;
				CLANG_WARN__DUPLICATE_METHOD_MATCH = YES;
				COPY_PHASE_STRIP = NO;
				DEBUG_INFORMATION_FORMAT = "dwarf-with-dsym";
				ENABLE_NS_ASSERTIONS = NO;
				ENABLE_STRICT_OBJC_MSGSEND = YES;
				GCC_C_LANGUAGE_STANDARD = gnu11;
				GCC_NO_COMMON_BLOCKS = YES;
				GCC_WARN_64_TO_32_BIT_CONVERSION = YES;
				GCC_WARN_ABOUT_RETURN_TYPE = YES_ERROR;
				GCC_WARN_UNDECLARED_SELECTOR = YES;
				GCC_WARN_UNINITIALIZED_AUTOS = YES_AGGRESSIVE;
				GCC_WARN_UNUSED_FUNCTION = YES;
				GCC_WARN_UNUSED_VARIABLE = YES;
				IPHONEOS_DEPLOYMENT_TARGET = 14.5;
				MTL_ENABLE_DEBUG_INFO = NO;
				MTL_FAST_MATH = YES;
				SDKROOT = iphoneos;
				SWIFT_COMPILATION_MODE = wholemodule;
				SWIFT_OPTIMIZATION_LEVEL = "-O";
				VALIDATE_PRODUCT = YES;
			};
			name = Release;
		};
		C3772FA42677DB6F00258A11 /* Debug */ = {
			isa = XCBuildConfiguration;
			baseConfigurationReference = AEC4B9DF1EC9511767FE5265 /* Pods-News.debug.xcconfig */;
			buildSettings = {
				ASSETCATALOG_COMPILER_APPICON_NAME = AppIcon;
				ASSETCATALOG_COMPILER_GLOBAL_ACCENT_COLOR_NAME = AccentColor;
				CODE_SIGN_STYLE = Automatic;
				DEVELOPMENT_TEAM = 3MXML3JQB6;
				INFOPLIST_FILE = News/Info.plist;
				LD_RUNPATH_SEARCH_PATHS = (
					"$(inherited)",
					"@executable_path/Frameworks",
				);
				PRODUCT_BUNDLE_IDENTIFIER = com.ollmann.philipp.News;
				PRODUCT_NAME = "$(TARGET_NAME)";
				SWIFT_VERSION = 5.0;
				TARGETED_DEVICE_FAMILY = "1,2";
			};
			name = Debug;
		};
		C3772FA52677DB6F00258A11 /* Release */ = {
			isa = XCBuildConfiguration;
			baseConfigurationReference = E4EC20A3FD8717808B631853 /* Pods-News.release.xcconfig */;
			buildSettings = {
				ASSETCATALOG_COMPILER_APPICON_NAME = AppIcon;
				ASSETCATALOG_COMPILER_GLOBAL_ACCENT_COLOR_NAME = AccentColor;
				CODE_SIGN_STYLE = Automatic;
				DEVELOPMENT_TEAM = 3MXML3JQB6;
				INFOPLIST_FILE = News/Info.plist;
				LD_RUNPATH_SEARCH_PATHS = (
					"$(inherited)",
					"@executable_path/Frameworks",
				);
				PRODUCT_BUNDLE_IDENTIFIER = com.ollmann.philipp.News;
				PRODUCT_NAME = "$(TARGET_NAME)";
				SWIFT_VERSION = 5.0;
				TARGETED_DEVICE_FAMILY = "1,2";
			};
			name = Release;
		};
/* End XCBuildConfiguration section */

/* Begin XCConfigurationList section */
		C3772F8A2677DB6D00258A11 /* Build configuration list for PBXProject "News" */ = {
			isa = XCConfigurationList;
			buildConfigurations = (
				C3772FA12677DB6F00258A11 /* Debug */,
				C3772FA22677DB6F00258A11 /* Release */,
			);
			defaultConfigurationIsVisible = 0;
			defaultConfigurationName = Release;
		};
		C3772FA32677DB6F00258A11 /* Build configuration list for PBXNativeTarget "News" */ = {
			isa = XCConfigurationList;
			buildConfigurations = (
				C3772FA42677DB6F00258A11 /* Debug */,
				C3772FA52677DB6F00258A11 /* Release */,
			);
			defaultConfigurationIsVisible = 0;
			defaultConfigurationName = Release;
		};
/* End XCConfigurationList section */

/* Begin XCRemoteSwiftPackageReference section */
		C3772FAF2677FAE600258A11 /* XCRemoteSwiftPackageReference "SDWebImageSwiftUI" */ = {
			isa = XCRemoteSwiftPackageReference;
			repositoryURL = "https://github.com/SDWebImage/SDWebImageSwiftUI.git";
			requirement = {
				kind = upToNextMajorVersion;
				minimumVersion = 2.0.2;
			};
		};
/* End XCRemoteSwiftPackageReference section */

/* Begin XCSwiftPackageProductDependency section */
		C3772FB02677FAE600258A11 /* SDWebImageSwiftUI */ = {
			isa = XCSwiftPackageProductDependency;
			package = C3772FAF2677FAE600258A11 /* XCRemoteSwiftPackageReference "SDWebImageSwiftUI" */;
			productName = SDWebImageSwiftUI;
		};
/* End XCSwiftPackageProductDependency section */
	};
	rootObject = C3772F872677DB6D00258A11 /* Project object */;
}
